
Microsoft Visual Studio Solution File, Format Version 12.00
# Visual Studio 15
VisualStudioVersion = 15.0.26730.3
MinimumVisualStudioVersion = 10.0.40219.1
Project("{9A19103F-16F7-4668-BE54-9A1E7A4F7556}") = "Thalus.Extensions", "Thalus.Extensions\Thalus.Extensions.csproj", "{EDF676E5-F540-45BD-ADE9-A83C731DA4AF}"
EndProject
Global
	GlobalSection(SolutionConfigurationPlatforms) = preSolution
		Debug|Any CPU = Debug|Any CPU
		Release|Any CPU = Release|Any CPU
	EndGlobalSection
	GlobalSection(ProjectConfigurationPlatforms) = postSolution
		{EDF676E5-F540-45BD-ADE9-A83C731DA4AF}.Debug|Any CPU.ActiveCfg = Debug|Any CPU
		{EDF676E5-F540-45BD-ADE9-A83C731DA4AF}.Debug|Any CPU.Build.0 = Debug|Any CPU
		{EDF676E5-F540-45BD-ADE9-A83C731DA4AF}.Release|Any CPU.ActiveCfg = Release|Any CPU
		{EDF676E5-F540-45BD-ADE9-A83C731DA4AF}.Release|Any CPU.Build.0 = Release|Any CPU
	EndGlobalSection
	GlobalSection(SolutionProperties) = preSolution
		HideSolutionNode = FALSE
	EndGlobalSection
	GlobalSection(ExtensibilityGlobals) = postSolution
		SolutionGuid = {0548A3A4-8FFF-4BDA-A21D-80CFD0B17E4D}
	EndGlobalSection
EndGlobal
